
Microsoft Visual Studio Solution File, Format Version 11.00
# Visual Studio 2010
Project("{FAE04EC0-301F-11D3-BF4B-00C04F79EFBC}") = "Perseus", "Perseus\Perseus.csproj", "{7BFE48E3-02D0-4F1D-A415-CBB02A2A1164}"
EndProject
Project("{FAE04EC0-301F-11D3-BF4B-00C04F79EFBC}") = "Perseus.Controls.Html", "Perseus.Controls.HTML\Perseus.Controls.Html.csproj", "{C33DC1E9-5EFE-4F3D-AB60-63BD06FA74A0}"
EndProject
Project("{FAE04EC0-301F-11D3-BF4B-00C04F79EFBC}") = "Perseus.Data", "Perseus.Data\Perseus.Data.csproj", "{A0FD5B21-93F8-48FB-A79F-71BEE598047C}"
EndProject
Project("{FAE04EC0-301F-11D3-BF4B-00C04F79EFBC}") = "Perseus.Collections", "Perseus.Collections\Perseus.Collections.csproj", "{F6E07921-95E7-4B5C-AF34-7056E715CE6D}"
EndProject
Project("{FAE04EC0-301F-11D3-BF4B-00C04F79EFBC}") = "Perseus.Xml", "Perseus.Xml\Perseus.Xml.csproj", "{12D56929-DEB6-48BB-9FB0-72DBA92C7E89}"
EndProject
Project("{FAE04EC0-301F-11D3-BF4B-00C04F79EFBC}") = "Perseus.Controls", "Perseus.Controls\Perseus.Controls.csproj", "{13DC451C-CA00-4A56-A1B7-33C51863EF79}"
EndProject
Project("{FAE04EC0-301F-11D3-BF4B-00C04F79EFBC}") = "Perseus.Scripting.Lua", "Perseus.Scripting.Lua\Perseus.Scripting.Lua.csproj", "{B10BD553-5B8E-45EB-9016-F831846CA540}"
EndProject
Project("{FAE04EC0-301F-11D3-BF4B-00C04F79EFBC}") = "Perseus.Plugins", "Perseus.Plugins\Perseus.Plugins.csproj", "{D3E84C07-88A0-4A6F-81FC-36DCED2AB8BB}"
EndProject
Project("{FAE04EC0-301F-11D3-BF4B-00C04F79EFBC}") = "Perseus.Win32", "Perseus.Win32\Perseus.Win32.csproj", "{21FF3C36-1C87-4FB9-92EF-0909D6B350F9}"
EndProject
Global
	GlobalSection(SolutionConfigurationPlatforms) = preSolution
		Debug|Any CPU = Debug|Any CPU
		Release|Any CPU = Release|Any CPU
	EndGlobalSection
	GlobalSection(ProjectConfigurationPlatforms) = postSolution
		{7BFE48E3-02D0-4F1D-A415-CBB02A2A1164}.Debug|Any CPU.ActiveCfg = Debug|Any CPU
		{7BFE48E3-02D0-4F1D-A415-CBB02A2A1164}.Debug|Any CPU.Build.0 = Debug|Any CPU
		{7BFE48E3-02D0-4F1D-A415-CBB02A2A1164}.Release|Any CPU.ActiveCfg = Release|Any CPU
		{7BFE48E3-02D0-4F1D-A415-CBB02A2A1164}.Release|Any CPU.Build.0 = Release|Any CPU
		{C33DC1E9-5EFE-4F3D-AB60-63BD06FA74A0}.Debug|Any CPU.ActiveCfg = Debug|Any CPU
		{C33DC1E9-5EFE-4F3D-AB60-63BD06FA74A0}.Debug|Any CPU.Build.0 = Debug|Any CPU
		{C33DC1E9-5EFE-4F3D-AB60-63BD06FA74A0}.Release|Any CPU.ActiveCfg = Release|Any CPU
		{C33DC1E9-5EFE-4F3D-AB60-63BD06FA74A0}.Release|Any CPU.Build.0 = Release|Any CPU
		{A0FD5B21-93F8-48FB-A79F-71BEE598047C}.Debug|Any CPU.ActiveCfg = Debug|Any CPU
		{A0FD5B21-93F8-48FB-A79F-71BEE598047C}.Debug|Any CPU.Build.0 = Debug|Any CPU
		{A0FD5B21-93F8-48FB-A79F-71BEE598047C}.Release|Any CPU.ActiveCfg = Release|Any CPU
		{A0FD5B21-93F8-48FB-A79F-71BEE598047C}.Release|Any CPU.Build.0 = Release|Any CPU
		{F6E07921-95E7-4B5C-AF34-7056E715CE6D}.Debug|Any CPU.ActiveCfg = Debug|Any CPU
		{F6E07921-95E7-4B5C-AF34-7056E715CE6D}.Debug|Any CPU.Build.0 = Debug|Any CPU
		{F6E07921-95E7-4B5C-AF34-7056E715CE6D}.Release|Any CPU.ActiveCfg = Release|Any CPU
		{F6E07921-95E7-4B5C-AF34-7056E715CE6D}.Release|Any CPU.Build.0 = Release|Any CPU
		{12D56929-DEB6-48BB-9FB0-72DBA92C7E89}.Debug|Any CPU.ActiveCfg = Debug|Any CPU
		{12D56929-DEB6-48BB-9FB0-72DBA92C7E89}.Debug|Any CPU.Build.0 = Debug|Any CPU
		{12D56929-DEB6-48BB-9FB0-72DBA92C7E89}.Release|Any CPU.ActiveCfg = Release|Any CPU
		{12D56929-DEB6-48BB-9FB0-72DBA92C7E89}.Release|Any CPU.Build.0 = Release|Any CPU
		{13DC451C-CA00-4A56-A1B7-33C51863EF79}.Debug|Any CPU.ActiveCfg = Debug|Any CPU
		{13DC451C-CA00-4A56-A1B7-33C51863EF79}.Debug|Any CPU.Build.0 = Debug|Any CPU
		{13DC451C-CA00-4A56-A1B7-33C51863EF79}.Release|Any CPU.ActiveCfg = Release|Any CPU
		{13DC451C-CA00-4A56-A1B7-33C51863EF79}.Release|Any CPU.Build.0 = Release|Any CPU
		{B10BD553-5B8E-45EB-9016-F831846CA540}.Debug|Any CPU.ActiveCfg = Debug|Any CPU
		{B10BD553-5B8E-45EB-9016-F831846CA540}.Debug|Any CPU.Build.0 = Debug|Any CPU
		{B10BD553-5B8E-45EB-9016-F831846CA540}.Release|Any CPU.ActiveCfg = Release|Any CPU
		{B10BD553-5B8E-45EB-9016-F831846CA540}.Release|Any CPU.Build.0 = Release|Any CPU
		{D3E84C07-88A0-4A6F-81FC-36DCED2AB8BB}.Debug|Any CPU.ActiveCfg = Debug|Any CPU
		{D3E84C07-88A0-4A6F-81FC-36DCED2AB8BB}.Debug|Any CPU.Build.0 = Debug|Any CPU
		{D3E84C07-88A0-4A6F-81FC-36DCED2AB8BB}.Release|Any CPU.ActiveCfg = Release|Any CPU
		{D3E84C07-88A0-4A6F-81FC-36DCED2AB8BB}.Release|Any CPU.Build.0 = Release|Any CPU
		{21FF3C36-1C87-4FB9-92EF-0909D6B350F9}.Debug|Any CPU.ActiveCfg = Debug|Any CPU
		{21FF3C36-1C87-4FB9-92EF-0909D6B350F9}.Debug|Any CPU.Build.0 = Debug|Any CPU
		{21FF3C36-1C87-4FB9-92EF-0909D6B350F9}.Release|Any CPU.ActiveCfg = Release|Any CPU
		{21FF3C36-1C87-4FB9-92EF-0909D6B350F9}.Release|Any CPU.Build.0 = Release|Any CPU
	EndGlobalSection
	GlobalSection(SolutionProperties) = preSolution
		HideSolutionNode = FALSE
	EndGlobalSection
EndGlobal
